{
  "name": "opentracing-connect",
  "version": "1.1.0",
  "lockfileVersion": 1,
  "dependencies": {
    "ansi-color": {
      "version": "0.2.1",
      "resolved": "http://registry.npm.taobao.org/ansi-color/download/ansi-color-0.2.1.tgz",
      "integrity": "sha1-PnXAN0dSF1RO12Oo21cJ+prlv5o="
    },
    "bufrw": {
      "version": "1.2.1",
      "resolved": "http://registry.npm.taobao.org/bufrw/download/bufrw-1.2.1.tgz",
      "integrity": "sha1-k/IiIptPX14s1VkjaJFAf5hTZjs="
    },
    "ee-first": {
      "version": "1.1.1",
      "resolved": "https://registry.npmjs.org/ee-first/-/ee-first-1.1.1.tgz",
      "integrity": "sha1-WQxhFWsK4vTwJVcyoViyZrxWsh0="
    },
    "error": {
      "version": "7.0.2",
      "resolved": "http://registry.npm.taobao.org/error/download/error-7.0.2.tgz",
      "integrity": "sha1-pfdf/02ZJhJt2sDqXcOOaJFTywI="
    },
    "jaeger-client": {
      "version": "3.5.3",
      "resolved": "http://registry.npm.taobao.org/jaeger-client/download/jaeger-client-3.5.3.tgz",
      "integrity": "sha1-MKOYlkLuPo6gbRDCufngRtQk2O0="
    },
    "long": {
      "version": "2.4.0",
      "resolved": "http://registry.npm.taobao.org/long/download/long-2.4.0.tgz",
      "integrity": "sha1-n6GAux2VAM3CnEFWdmoZleH0Uk8="
    },
    "node-int64": {
      "version": "0.4.0",
      "resolved": "http://registry.npm.taobao.org/node-int64/download/node-int64-0.4.0.tgz",
      "integrity": "sha1-h6kGXNs1XTGC2PlM4RGIuCXGijs="
    },
    "on-finished": {
      "version": "2.3.0",
      "resolved": "https://registry.npmjs.org/on-finished/-/on-finished-2.3.0.tgz",
      "integrity": "sha1-IPEzZIGwg811M3mSoWlxqi2QaUc="
    },
    "opentracing": {
      "version": "0.13.0",
      "resolved": "http://registry.npm.taobao.org/opentracing/download/opentracing-0.13.0.tgz",
      "integrity": "sha1-ajQUQvCdfYZrwR7QPeHjgo49aqs="
    },
    "string-template": {
      "version": "0.2.1",
      "resolved": "http://registry.npm.taobao.org/string-template/download/string-template-0.2.1.tgz",
      "integrity": "sha1-QpMuWYo1LQH8IuwzZ9nYTuxsmt0="
    },
    "thriftrw": {
      "version": "3.11.1",
      "resolved": "http://registry.npm.taobao.org/thriftrw/download/thriftrw-3.11.1.tgz",
      "integrity": "sha1-Wi9RZdZluxleZl5bW5+Il9rCOsw="
    },
    "xorshift": {
      "version": "0.2.1",
      "resolved": "http://registry.npm.taobao.org/xorshift/download/xorshift-0.2.1.tgz",
      "integrity": "sha1-/NgiZ+k1HBPw+5xzMH8lMx0pxjo="
    },
    "xtend": {
      "version": "4.0.1",
      "resolved": "http://registry.npm.taobao.org/xtend/download/xtend-4.0.1.tgz",
      "integrity": "sha1-pcbVMr5lbiPbgg77lDofBJmNY68="
    }
  }
}
